// !$*UTF8*$!
{
	archiveVersion = 1;
	classes = {
	};
	objectVersion = 50;
	objects = {

/* Begin PBXBuildFile section */
		9B0FB8452136397600B2CF98 /* libiconv.tbd in Frameworks */ = {isa = PBXBuildFile; fileRef = 9B0FB8442136397600B2CF98 /* libiconv.tbd */; };
		9B11C617212512F9007799F1 /* AppDelegate.swift in Sources */ = {isa = PBXBuildFile; fileRef = 9B11C616212512F9007799F1 /* AppDelegate.swift */; };
		9B11C61C212512F9007799F1 /* Main.storyboard in Resources */ = {isa = PBXBuildFile; fileRef = 9B11C61A212512F9007799F1 /* Main.storyboard */; };
		9B11C61E212512FA007799F1 /* Assets.xcassets in Resources */ = {isa = PBXBuildFile; fileRef = 9B11C61D212512FA007799F1 /* Assets.xcassets */; };
		9B11C621212512FA007799F1 /* LaunchScreen.storyboard in Resources */ = {isa = PBXBuildFile; fileRef = 9B11C61F212512FA007799F1 /* LaunchScreen.storyboard */; };
		9B11C62A21251453007799F1 /* SystemConfiguration.framework in Frameworks */ = {isa = PBXBuildFile; fileRef = 9B11C62921251453007799F1 /* SystemConfiguration.framework */; };
		9B11C62C21251459007799F1 /* CoreTelephony.framework in Frameworks */ = {isa = PBXBuildFile; fileRef = 9B11C62B21251459007799F1 /* CoreTelephony.framework */; };
		9B11C62E21251466007799F1 /* ReplayKit.framework in Frameworks */ = {isa = PBXBuildFile; fileRef = 9B11C62D21251466007799F1 /* ReplayKit.framework */; };
		9B11C6302125146F007799F1 /* libc++.tbd in Frameworks */ = {isa = PBXBuildFile; fileRef = 9B11C62F2125146F007799F1 /* libc++.tbd */; };
		9B11C63221251475007799F1 /* libxml2.tbd in Frameworks */ = {isa = PBXBuildFile; fileRef = 9B11C63121251475007799F1 /* libxml2.tbd */; };
		9B11C6342125147E007799F1 /* libz.tbd in Frameworks */ = {isa = PBXBuildFile; fileRef = 9B11C6332125147E007799F1 /* libz.tbd */; };
		9B6BC5E021BDFE26008962E1 /* TLAVPosition.swift in Sources */ = {isa = PBXBuildFile; fileRef = 9B6BC5DF21BDFE26008962E1 /* TLAVPosition.swift */; };
		9B6BC5E221BDFFC6008962E1 /* TLSLViewController.swift in Sources */ = {isa = PBXBuildFile; fileRef = 9B6BC5E121BDFFC6008962E1 /* TLSLViewController.swift */; };
		9B6BC5E421BE00C7008962E1 /* TLSCViewController.swift in Sources */ = {isa = PBXBuildFile; fileRef = 9B6BC5E321BE00C7008962E1 /* TLSCViewController.swift */; };
		9B6BC5E621BE0194008962E1 /* TLSViewController.swift in Sources */ = {isa = PBXBuildFile; fileRef = 9B6BC5E521BE0194008962E1 /* TLSViewController.swift */; };
		9B6BC5E821BE0248008962E1 /* TLChatViewController.swift in Sources */ = {isa = PBXBuildFile; fileRef = 9B6BC5E721BE0248008962E1 /* TLChatViewController.swift */; };
		9BCB137B214A59B700DD0724 /* libsqlite3.tbd in Frameworks */ = {isa = PBXBuildFile; fileRef = 9BCB137A214A59B700DD0724 /* libsqlite3.tbd */; };
		9BD74195219BBDE80098B36E /* YZHud.swift in Sources */ = {isa = PBXBuildFile; fileRef = 9BD74194219BBDE80098B36E /* YZHud.swift */; };
		9BD74197219BC4D20098B36E /* YZExtension.swift in Sources */ = {isa = PBXBuildFile; fileRef = 9BD74196219BC4D20098B36E /* YZExtension.swift */; };
		9BD74199219BC5930098B36E /* YZToast.swift in Sources */ = {isa = PBXBuildFile; fileRef = 9BD74198219BC5930098B36E /* YZToast.swift */; };
		9BD7419B219BC9CE0098B36E /* YZUser.swift in Sources */ = {isa = PBXBuildFile; fileRef = 9BD7419A219BC9CE0098B36E /* YZUser.swift */; };
		9BD7419F219BCD540098B36E /* T3Manager.swift in Sources */ = {isa = PBXBuildFile; fileRef = 9BD7419E219BCD540098B36E /* T3Manager.swift */; };
		9BD741A1219BCF4A0098B36E /* T3LoginViewController.swift in Sources */ = {isa = PBXBuildFile; fileRef = 9BD741A0219BCF4A0098B36E /* T3LoginViewController.swift */; };
		9BD741A3219BD1910098B36E /* T3AVPlayer.swift in Sources */ = {isa = PBXBuildFile; fileRef = 9BD741A2219BD1910098B36E /* T3AVPlayer.swift */; };
		9BD741A5219BD1A00098B36E /* T3AVPlayer.xib in Resources */ = {isa = PBXBuildFile; fileRef = 9BD741A4219BD1A00098B36E /* T3AVPlayer.xib */; };
/* End PBXBuildFile section */

/* Begin PBXFileReference section */
		9B0FB8442136397600B2CF98 /* libiconv.tbd */ = {isa = PBXFileReference; lastKnownFileType = "sourcecode.text-based-dylib-definition"; name = libiconv.tbd; path = usr/lib/libiconv.tbd; sourceTree = SDKROOT; };
		9B11C613212512F9007799F1 /* TTTLive.app */ = {isa = PBXFileReference; explicitFileType = wrapper.application; includeInIndex = 0; path = TTTLive.app; sourceTree = BUILT_PRODUCTS_DIR; };
		9B11C616212512F9007799F1 /* AppDelegate.swift */ = {isa = PBXFileReference; lastKnownFileType = sourcecode.swift; path = AppDelegate.swift; sourceTree = "<group>"; };
		9B11C61B212512F9007799F1 /* Base */ = {isa = PBXFileReference; lastKnownFileType = file.storyboard; name = Base; path = Base.lproj/Main.storyboard; sourceTree = "<group>"; };
		9B11C61D212512FA007799F1 /* Assets.xcassets */ = {isa = PBXFileReference; lastKnownFileType = folder.assetcatalog; path = Assets.xcassets; sourceTree = "<group>"; };
		9B11C620212512FA007799F1 /* Base */ = {isa = PBXFileReference; lastKnownFileType = file.storyboard; name = Base; path = Base.lproj/LaunchScreen.storyboard; sourceTree = "<group>"; };
		9B11C622212512FA007799F1 /* Info.plist */ = {isa = PBXFileReference; lastKnownFileType = text.plist.xml; path = Info.plist; sourceTree = "<group>"; };
		9B11C62921251453007799F1 /* SystemConfiguration.framework */ = {isa = PBXFileReference; lastKnownFileType = wrapper.framework; name = SystemConfiguration.framework; path = System/Library/Frameworks/SystemConfiguration.framework; sourceTree = SDKROOT; };
		9B11C62B21251459007799F1 /* CoreTelephony.framework */ = {isa = PBXFileReference; lastKnownFileType = wrapper.framework; name = CoreTelephony.framework; path = System/Library/Frameworks/CoreTelephony.framework; sourceTree = SDKROOT; };
		9B11C62D21251466007799F1 /* ReplayKit.framework */ = {isa = PBXFileReference; lastKnownFileType = wrapper.framework; name = ReplayKit.framework; path = System/Library/Frameworks/ReplayKit.framework; sourceTree = SDKROOT; };
		9B11C62F2125146F007799F1 /* libc++.tbd */ = {isa = PBXFileReference; lastKnownFileType = "sourcecode.text-based-dylib-definition"; name = "libc++.tbd"; path = "usr/lib/libc++.tbd"; sourceTree = SDKROOT; };
		9B11C63121251475007799F1 /* libxml2.tbd */ = {isa = PBXFileReference; lastKnownFileType = "sourcecode.text-based-dylib-definition"; name = libxml2.tbd; path = usr/lib/libxml2.tbd; sourceTree = SDKROOT; };
		9B11C6332125147E007799F1 /* libz.tbd */ = {isa = PBXFileReference; lastKnownFileType = "sourcecode.text-based-dylib-definition"; name = libz.tbd; path = usr/lib/libz.tbd; sourceTree = SDKROOT; };
		9B6BC5DF21BDFE26008962E1 /* TLAVPosition.swift */ = {isa = PBXFileReference; lastKnownFileType = sourcecode.swift; path = TLAVPosition.swift; sourceTree = "<group>"; };
		9B6BC5E121BDFFC6008962E1 /* TLSLViewController.swift */ = {isa = PBXFileReference; lastKnownFileType = sourcecode.swift; path = TLSLViewController.swift; sourceTree = "<group>"; };
		9B6BC5E321BE00C7008962E1 /* TLSCViewController.swift */ = {isa = PBXFileReference; lastKnownFileType = sourcecode.swift; path = TLSCViewController.swift; sourceTree = "<group>"; };
		9B6BC5E521BE0194008962E1 /* TLSViewController.swift */ = {isa = PBXFileReference; lastKnownFileType = sourcecode.swift; path = TLSViewController.swift; sourceTree = "<group>"; };
		9B6BC5E721BE0248008962E1 /* TLChatViewController.swift */ = {isa = PBXFileReference; lastKnownFileType = sourcecode.swift; path = TLChatViewController.swift; sourceTree = "<group>"; };
		9BCB137A214A59B700DD0724 /* libsqlite3.tbd */ = {isa = PBXFileReference; lastKnownFileType = "sourcecode.text-based-dylib-definition"; name = libsqlite3.tbd; path = usr/lib/libsqlite3.tbd; sourceTree = SDKROOT; };
		9BCB13D9214A618700DD0724 /* TTTLive-Bridging-Header.h */ = {isa = PBXFileReference; fileEncoding = 4; lastKnownFileType = sourcecode.c.h; path = "TTTLive-Bridging-Header.h"; sourceTree = "<group>"; };
		9BD74194219BBDE80098B36E /* YZHud.swift */ = {isa = PBXFileReference; lastKnownFileType = sourcecode.swift; path = YZHud.swift; sourceTree = "<group>"; };
		9BD74196219BC4D20098B36E /* YZExtension.swift */ = {isa = PBXFileReference; lastKnownFileType = sourcecode.swift; path = YZExtension.swift; sourceTree = "<group>"; };
		9BD74198219BC5930098B36E /* YZToast.swift */ = {isa = PBXFileReference; lastKnownFileType = sourcecode.swift; path = YZToast.swift; sourceTree = "<group>"; };
		9BD7419A219BC9CE0098B36E /* YZUser.swift */ = {isa = PBXFileReference; lastKnownFileType = sourcecode.swift; path = YZUser.swift; sourceTree = "<group>"; };
		9BD7419E219BCD540098B36E /* T3Manager.swift */ = {isa = PBXFileReference; lastKnownFileType = sourcecode.swift; path = T3Manager.swift; sourceTree = "<group>"; };
		9BD741A0219BCF4A0098B36E /* T3LoginViewController.swift */ = {isa = PBXFileReference; lastKnownFileType = sourcecode.swift; path = T3LoginViewController.swift; sourceTree = "<group>"; };
		9BD741A2219BD1910098B36E /* T3AVPlayer.swift */ = {isa = PBXFileReference; lastKnownFileType = sourcecode.swift; path = T3AVPlayer.swift; sourceTree = "<group>"; };
		9BD741A4219BD1A00098B36E /* T3AVPlayer.xib */ = {isa = PBXFileReference; lastKnownFileType = file.xib; path = T3AVPlayer.xib; sourceTree = "<group>"; };
/* End PBXFileReference section */

/* Begin PBXFrameworksBuildPhase section */
		9B11C610212512F9007799F1 /* Frameworks */ = {
			isa = PBXFrameworksBuildPhase;
			buildActionMask = 2147483647;
			files = (
				9BCB137B214A59B700DD0724 /* libsqlite3.tbd in Frameworks */,
				9B0FB8452136397600B2CF98 /* libiconv.tbd in Frameworks */,
				9B11C6342125147E007799F1 /* libz.tbd in Frameworks */,
				9B11C63221251475007799F1 /* libxml2.tbd in Frameworks */,
				9B11C6302125146F007799F1 /* libc++.tbd in Frameworks */,
				9B11C62E21251466007799F1 /* ReplayKit.framework in Frameworks */,
				9B11C62C21251459007799F1 /* CoreTelephony.framework in Frameworks */,
				9B11C62A21251453007799F1 /* SystemConfiguration.framework in Frameworks */,
			);
			runOnlyForDeploymentPostprocessing = 0;
		};
/* End PBXFrameworksBuildPhase section */

/* Begin PBXGroup section */
		9B11C60A212512F9007799F1 = {
			isa = PBXGroup;
			children = (
				9B11C615212512F9007799F1 /* TTTLive */,
				9B11C614212512F9007799F1 /* Products */,
				9B11C62821251453007799F1 /* Frameworks */,
			);
			sourceTree = "<group>";
		};
		9B11C614212512F9007799F1 /* Products */ = {
			isa = PBXGroup;
			children = (
				9B11C613212512F9007799F1 /* TTTLive.app */,
			);
			name = Products;
			sourceTree = "<group>";
		};
		9B11C615212512F9007799F1 /* TTTLive */ = {
			isa = PBXGroup;
			children = (
				9BCB13532147698000DD0724 /* Settings */,
				9B11C616212512F9007799F1 /* AppDelegate.swift */,
				9BD7419E219BCD540098B36E /* T3Manager.swift */,
				9BD741A0219BCF4A0098B36E /* T3LoginViewController.swift */,
				9B6BC5E721BE0248008962E1 /* TLChatViewController.swift */,
				9B6BC5DF21BDFE26008962E1 /* TLAVPosition.swift */,
				9BD741A2219BD1910098B36E /* T3AVPlayer.swift */,
				9BD741A4219BD1A00098B36E /* T3AVPlayer.xib */,
				9BD7419A219BC9CE0098B36E /* YZUser.swift */,
				9B11C63921251805007799F1 /* TTHelper */,
				9B11C61A212512F9007799F1 /* Main.storyboard */,
				9B11C61D212512FA007799F1 /* Assets.xcassets */,
				9B11C61F212512FA007799F1 /* LaunchScreen.storyboard */,
				9BCB13D9214A618700DD0724 /* TTTLive-Bridging-Header.h */,
				9B11C622212512FA007799F1 /* Info.plist */,
			);
			path = TTTLive;
			sourceTree = "<group>";
		};
		9B11C62821251453007799F1 /* Frameworks */ = {
			isa = PBXGroup;
			children = (
				9BCB137A214A59B700DD0724 /* libsqlite3.tbd */,
				9B0FB8442136397600B2CF98 /* libiconv.tbd */,
				9B11C6332125147E007799F1 /* libz.tbd */,
				9B11C63121251475007799F1 /* libxml2.tbd */,
				9B11C62F2125146F007799F1 /* libc++.tbd */,
				9B11C62D21251466007799F1 /* ReplayKit.framework */,
				9B11C62B21251459007799F1 /* CoreTelephony.framework */,
				9B11C62921251453007799F1 /* SystemConfiguration.framework */,
			);
			name = Frameworks;
			sourceTree = "<group>";
		};
		9B11C63921251805007799F1 /* TTHelper */ = {
			isa = PBXGroup;
			children = (
				9BD74196219BC4D20098B36E /* YZExtension.swift */,
				9BD74194219BBDE80098B36E /* YZHud.swift */,
				9BD74198219BC5930098B36E /* YZToast.swift */,
			);
			path = TTHelper;
			sourceTree = "<group>";
		};
		9BCB13532147698000DD0724 /* Settings */ = {
			isa = PBXGroup;
			children = (
				9B6BC5E121BDFFC6008962E1 /* TLSLViewController.swift */,
				9B6BC5E321BE00C7008962E1 /* TLSCViewController.swift */,
				9B6BC5E521BE0194008962E1 /* TLSViewController.swift */,
			);
			path = Settings;
			sourceTree = "<group>";
		};
/* End PBXGroup section */

/* Begin PBXNativeTarget section */
		9B11C612212512F9007799F1 /* TTTLive */ = {
			isa = PBXNativeTarget;
			buildConfigurationList = 9B11C625212512FA007799F1 /* Build configuration list for PBXNativeTarget "TTTLive" */;
			buildPhases = (
				9B11C60F212512F9007799F1 /* Sources */,
				9B11C610212512F9007799F1 /* Frameworks */,
				9B11C611212512F9007799F1 /* Resources */,
			);
			buildRules = (
			);
			dependencies = (
			);
			name = TTTLive;
			productName = TTTLive;
			productReference = 9B11C613212512F9007799F1 /* TTTLive.app */;
			productType = "com.apple.product-type.application";
		};
/* End PBXNativeTarget section */

/* Begin PBXProject section */
		9B11C60B212512F9007799F1 /* Project object */ = {
			isa = PBXProject;
			attributes = {
				LastSwiftUpdateCheck = 0940;
				LastUpgradeCheck = 0940;
				ORGANIZATIONNAME = yanzhen;
				TargetAttributes = {
					9B11C612212512F9007799F1 = {
						CreatedOnToolsVersion = 9.4;
						LastSwiftMigration = 0940;
						SystemCapabilities = {
							com.apple.BackgroundModes = {
								enabled = 1;
							};
						};
					};
				};
			};
			buildConfigurationList = 9B11C60E212512F9007799F1 /* Build configuration list for PBXProject "TTTLive" */;
			compatibilityVersion = "Xcode 9.3";
			developmentRegion = en;
			hasScannedForEncodings = 0;
			knownRegions = (
				en,
				Base,
			);
			mainGroup = 9B11C60A212512F9007799F1;
			productRefGroup = 9B11C614212512F9007799F1 /* Products */;
			projectDirPath = "";
			projectRoot = "";
			targets = (
				9B11C612212512F9007799F1 /* TTTLive */,
			);
		};
/* End PBXProject section */

/* Begin PBXResourcesBuildPhase section */
		9B11C611212512F9007799F1 /* Resources */ = {
			isa = PBXResourcesBuildPhase;
			buildActionMask = 2147483647;
			files = (
				9B11C621212512FA007799F1 /* LaunchScreen.storyboard in Resources */,
				9B11C61E212512FA007799F1 /* Assets.xcassets in Resources */,
				9B11C61C212512F9007799F1 /* Main.storyboard in Resources */,
				9BD741A5219BD1A00098B36E /* T3AVPlayer.xib in Resources */,
			);
			runOnlyForDeploymentPostprocessing = 0;
		};
/* End PBXResourcesBuildPhase section */

/* Begin PBXSourcesBuildPhase section */
		9B11C60F212512F9007799F1 /* Sources */ = {
			isa = PBXSourcesBuildPhase;
			buildActionMask = 2147483647;
			files = (
				9B6BC5E821BE0248008962E1 /* TLChatViewController.swift in Sources */,
				9BD741A1219BCF4A0098B36E /* T3LoginViewController.swift in Sources */,
				9BD741A3219BD1910098B36E /* T3AVPlayer.swift in Sources */,
				9BD74195219BBDE80098B36E /* YZHud.swift in Sources */,
				9BD74197219BC4D20098B36E /* YZExtension.swift in Sources */,
				9B6BC5E421BE00C7008962E1 /* TLSCViewController.swift in Sources */,
				9BD7419F219BCD540098B36E /* T3Manager.swift in Sources */,
				9BD74199219BC5930098B36E /* YZToast.swift in Sources */,
				9B11C617212512F9007799F1 /* AppDelegate.swift in Sources */,
				9B6BC5E621BE0194008962E1 /* TLSViewController.swift in Sources */,
				9B6BC5E021BDFE26008962E1 /* TLAVPosition.swift in Sources */,
				9BD7419B219BC9CE0098B36E /* YZUser.swift in Sources */,
				9B6BC5E221BDFFC6008962E1 /* TLSLViewController.swift in Sources */,
			);
			runOnlyForDeploymentPostprocessing = 0;
		};
/* End PBXSourcesBuildPhase section */

/* Begin PBXVariantGroup section */
		9B11C61A212512F9007799F1 /* Main.storyboard */ = {
			isa = PBXVariantGroup;
			children = (
				9B11C61B212512F9007799F1 /* Base */,
			);
			name = Main.storyboard;
			sourceTree = "<group>";
		};
		9B11C61F212512FA007799F1 /* LaunchScreen.storyboard */ = {
			isa = PBXVariantGroup;
			children = (
				9B11C620212512FA007799F1 /* Base */,
			);
			name = LaunchScreen.storyboard;
			sourceTree = "<group>";
		};
/* End PBXVariantGroup section */

/* Begin XCBuildConfiguration section */
		9B11C623212512FA007799F1 /* Debug */ = {
			isa = XCBuildConfiguration;
			buildSettings = {
				ALWAYS_SEARCH_USER_PATHS = NO;
				CLANG_ANALYZER_NONNULL = YES;
				CLANG_ANALYZER_NUMBER_OBJECT_CONVERSION = YES_AGGRESSIVE;
				CLANG_CXX_LANGUAGE_STANDARD = "gnu++14";
				CLANG_CXX_LIBRARY = "libc++";
				CLANG_ENABLE_MODULES = YES;
				CLANG_ENABLE_OBJC_ARC = YES;
				CLANG_ENABLE_OBJC_WEAK = YES;
				CLANG_WARN_BLOCK_CAPTURE_AUTORELEASING = YES;
				CLANG_WARN_BOOL_CONVERSION = YES;
				CLANG_WARN_COMMA = YES;
				CLANG_WARN_CONSTANT_CONVERSION = YES;
				CLANG_WARN_DEPRECATED_OBJC_IMPLEMENTATIONS = YES;
				CLANG_WARN_DIRECT_OBJC_ISA_USAGE = YES_ERROR;
				CLANG_WARN_DOCUMENTATION_COMMENTS = YES;
				CLANG_WARN_EMPTY_BODY = YES;
				CLANG_WARN_ENUM_CONVERSION = YES;
				CLANG_WARN_INFINITE_RECURSION = YES;
				CLANG_WARN_INT_CONVERSION = YES;
				CLANG_WARN_NON_LITERAL_NULL_CONVERSION = YES;
				CLANG_WARN_OBJC_IMPLICIT_RETAIN_SELF = YES;
				CLANG_WARN_OBJC_LITERAL_CONVERSION = YES;
				CLANG_WARN_OBJC_ROOT_CLASS = YES_ERROR;
				CLANG_WARN_RANGE_LOOP_ANALYSIS = YES;
				CLANG_WARN_STRICT_PROTOTYPES = YES;
				CLANG_WARN_SUSPICIOUS_MOVE = YES;
				CLANG_WARN_UNGUARDED_AVAILABILITY = YES_AGGRESSIVE;
				CLANG_WARN_UNREACHABLE_CODE = YES;
				CLANG_WARN__DUPLICATE_METHOD_MATCH = YES;
				CODE_SIGN_IDENTITY = "iPhone Developer";
				COPY_PHASE_STRIP = NO;
				DEBUG_INFORMATION_FORMAT = dwarf;
				ENABLE_STRICT_OBJC_MSGSEND = YES;
				ENABLE_TESTABILITY = YES;
				GCC_C_LANGUAGE_STANDARD = gnu11;
				GCC_DYNAMIC_NO_PIC = NO;
				GCC_NO_COMMON_BLOCKS = YES;
				GCC_OPTIMIZATION_LEVEL = 0;
				GCC_PREPROCESSOR_DEFINITIONS = (
					"DEBUG=1",
					"$(inherited)",
				);
				GCC_WARN_64_TO_32_BIT_CONVERSION = YES;
				GCC_WARN_ABOUT_RETURN_TYPE = YES_ERROR;
				GCC_WARN_UNDECLARED_SELECTOR = YES;
				GCC_WARN_UNINITIALIZED_AUTOS = YES_AGGRESSIVE;
				GCC_WARN_UNUSED_FUNCTION = YES;
				GCC_WARN_UNUSED_VARIABLE = YES;
				IPHONEOS_DEPLOYMENT_TARGET = 11.4;
				MTL_ENABLE_DEBUG_INFO = YES;
				ONLY_ACTIVE_ARCH = YES;
				SDKROOT = iphoneos;
				SWIFT_ACTIVE_COMPILATION_CONDITIONS = DEBUG;
				SWIFT_OPTIMIZATION_LEVEL = "-Onone";
			};
			name = Debug;
		};
		9B11C624212512FA007799F1 /* Release */ = {
			isa = XCBuildConfiguration;
			buildSettings = {
				ALWAYS_SEARCH_USER_PATHS = NO;
				CLANG_ANALYZER_NONNULL = YES;
				CLANG_ANALYZER_NUMBER_OBJECT_CONVERSION = YES_AGGRESSIVE;
				CLANG_CXX_LANGUAGE_STANDARD = "gnu++14";
				CLANG_CXX_LIBRARY = "libc++";
				CLANG_ENABLE_MODULES = YES;
				CLANG_ENABLE_OBJC_ARC = YES;
				CLANG_ENABLE_OBJC_WEAK = YES;
				CLANG_WARN_BLOCK_CAPTURE_AUTORELEASING = YES;
				CLANG_WARN_BOOL_CONVERSION = YES;
				CLANG_WARN_COMMA = YES;
				CLANG_WARN_CONSTANT_CONVERSION = YES;
				CLANG_WARN_DEPRECATED_OBJC_IMPLEMENTATIONS = YES;
				CLANG_WARN_DIRECT_OBJC_ISA_USAGE = YES_ERROR;
				CLANG_WARN_DOCUMENTATION_COMMENTS = YES;
				CLANG_WARN_EMPTY_BODY = YES;
				CLANG_WARN_ENUM_CONVERSION = YES;
				CLANG_WARN_INFINITE_RECURSION = YES;
				CLANG_WARN_INT_CONVERSION = YES;
				CLANG_WARN_NON_LITERAL_NULL_CONVERSION = YES;
				CLANG_WARN_OBJC_IMPLICIT_RETAIN_SELF = YES;
				CLANG_WARN_OBJC_LITERAL_CONVERSION = YES;
				CLANG_WARN_OBJC_ROOT_CLASS = YES_ERROR;
				CLANG_WARN_RANGE_LOOP_ANALYSIS = YES;
				CLANG_WARN_STRICT_PROTOTYPES = YES;
				CLANG_WARN_SUSPICIOUS_MOVE = YES;
				CLANG_WARN_UNGUARDED_AVAILABILITY = YES_AGGRESSIVE;
				CLANG_WARN_UNREACHABLE_CODE = YES;
				CLANG_WARN__DUPLICATE_METHOD_MATCH = YES;
				CODE_SIGN_IDENTITY = "iPhone Developer";
				COPY_PHASE_STRIP = NO;
				DEBUG_INFORMATION_FORMAT = "dwarf-with-dsym";
				ENABLE_NS_ASSERTIONS = NO;
				ENABLE_STRICT_OBJC_MSGSEND = YES;
				GCC_C_LANGUAGE_STANDARD = gnu11;
				GCC_NO_COMMON_BLOCKS = YES;
				GCC_WARN_64_TO_32_BIT_CONVERSION = YES;
				GCC_WARN_ABOUT_RETURN_TYPE = YES_ERROR;
				GCC_WARN_UNDECLARED_SELECTOR = YES;
				GCC_WARN_UNINITIALIZED_AUTOS = YES_AGGRESSIVE;
				GCC_WARN_UNUSED_FUNCTION = YES;
				GCC_WARN_UNUSED_VARIABLE = YES;
				IPHONEOS_DEPLOYMENT_TARGET = 11.4;
				MTL_ENABLE_DEBUG_INFO = NO;
				SDKROOT = iphoneos;
				SWIFT_COMPILATION_MODE = wholemodule;
				SWIFT_OPTIMIZATION_LEVEL = "-O";
				VALIDATE_PRODUCT = YES;
			};
			name = Release;
		};
		9B11C626212512FA007799F1 /* Debug */ = {
			isa = XCBuildConfiguration;
			buildSettings = {
				ASSETCATALOG_COMPILER_APPICON_NAME = AppIcon;
				CLANG_CXX_LANGUAGE_STANDARD = "gnu++14";
				CLANG_CXX_LIBRARY = "libc++";
				CLANG_ENABLE_MODULES = YES;
				CODE_SIGN_STYLE = Automatic;
				DEVELOPMENT_TEAM = 7XP66VHL84;
				ENABLE_BITCODE = NO;
				FRAMEWORK_SEARCH_PATHS = "$(SRCROOT)/../TTTLib";
				GCC_INPUT_FILETYPE = automatic;
				HEADER_SEARCH_PATHS = "$(SRCROOT)/../TTTLib/WechtSDK";
				INFOPLIST_FILE = TTTLive/Info.plist;
				IPHONEOS_DEPLOYMENT_TARGET = 9.0;
				LD_RUNPATH_SEARCH_PATHS = (
					"$(inherited)",
					"@executable_path/Frameworks",
				);
				LIBRARY_SEARCH_PATHS = "$(SRCROOT)/../TTTLib/WechtSDK";
				OTHER_LDFLAGS = (
					"-framework",
					TTTPlayerKit,
					"-framework",
					TTTRtcEngineKit,
					"-lWeChatSDK",
					"-ObjC",
				);
				PRODUCT_BUNDLE_IDENTIFIER = com.3ttech.TTTLive;
				PRODUCT_NAME = "$(TARGET_NAME)";
				SWIFT_OBJC_BRIDGING_HEADER = "TTTLive/TTTLive-Bridging-Header.h";
				SWIFT_OPTIMIZATION_LEVEL = "-Onone";
				SWIFT_VERSION = 4.0;
				TARGETED_DEVICE_FAMILY = 1;
			};
			name = Debug;
		};
		9B11C627212512FA007799F1 /* Release */ = {
			isa = XCBuildConfiguration;
			buildSettings = {
				ASSETCATALOG_COMPILER_APPICON_NAME = AppIcon;
				CLANG_CXX_LANGUAGE_STANDARD = "gnu++14";
				CLANG_CXX_LIBRARY = "libc++";
				CLANG_ENABLE_MODULES = YES;
				CODE_SIGN_STYLE = Automatic;
				DEVELOPMENT_TEAM = 7XP66VHL84;
				ENABLE_BITCODE = NO;
				FRAMEWORK_SEARCH_PATHS = "$(SRCROOT)/../TTTLib";
				GCC_INPUT_FILETYPE = automatic;
				HEADER_SEARCH_PATHS = "$(SRCROOT)/../TTTLib/WechtSDK";
				INFOPLIST_FILE = TTTLive/Info.plist;
				IPHONEOS_DEPLOYMENT_TARGET = 9.0;
				LD_RUNPATH_SEARCH_PATHS = (
					"$(inherited)",
					"@executable_path/Frameworks",
				);
				LIBRARY_SEARCH_PATHS = "$(SRCROOT)/../TTTLib/WechtSDK";
				OTHER_LDFLAGS = (
					"-framework",
					TTTPlayerKit,
					"-framework",
					TTTRtcEngineKit,
					"-lWeChatSDK",
					"-ObjC",
				);
				PRODUCT_BUNDLE_IDENTIFIER = com.3ttech.TTTLive;
				PRODUCT_NAME = "$(TARGET_NAME)";
				SWIFT_OBJC_BRIDGING_HEADER = "TTTLive/TTTLive-Bridging-Header.h";
				SWIFT_VERSION = 4.0;
				TARGETED_DEVICE_FAMILY = 1;
			};
			name = Release;
		};
/* End XCBuildConfiguration section */

/* Begin XCConfigurationList section */
		9B11C60E212512F9007799F1 /* Build configuration list for PBXProject "TTTLive" */ = {
			isa = XCConfigurationList;
			buildConfigurations = (
				9B11C623212512FA007799F1 /* Debug */,
				9B11C624212512FA007799F1 /* Release */,
			);
			defaultConfigurationIsVisible = 0;
			defaultConfigurationName = Release;
		};
		9B11C625212512FA007799F1 /* Build configuration list for PBXNativeTarget "TTTLive" */ = {
			isa = XCConfigurationList;
			buildConfigurations = (
				9B11C626212512FA007799F1 /* Debug */,
				9B11C627212512FA007799F1 /* Release */,
			);
			defaultConfigurationIsVisible = 0;
			defaultConfigurationName = Release;
		};
/* End XCConfigurationList section */
	};
	rootObject = 9B11C60B212512F9007799F1 /* Project object */;
}
