// !$*UTF8*$!
{
	archiveVersion = 1;
	classes = {
	};
	objectVersion = 50;
	objects = {

/* Begin PBXBuildFile section */
		9B11C617212512F9007799F1 /* AppDelegate.swift in Sources */ = {isa = PBXBuildFile; fileRef = 9B11C616212512F9007799F1 /* AppDelegate.swift */; };
		9B11C61C212512F9007799F1 /* Main.storyboard in Resources */ = {isa = PBXBuildFile; fileRef = 9B11C61A212512F9007799F1 /* Main.storyboard */; };
		9B11C61E212512FA007799F1 /* Assets.xcassets in Resources */ = {isa = PBXBuildFile; fileRef = 9B11C61D212512FA007799F1 /* Assets.xcassets */; };
		9B11C621212512FA007799F1 /* LaunchScreen.storyboard in Resources */ = {isa = PBXBuildFile; fileRef = 9B11C61F212512FA007799F1 /* LaunchScreen.storyboard */; };
		9B11C62A21251453007799F1 /* SystemConfiguration.framework in Frameworks */ = {isa = PBXBuildFile; fileRef = 9B11C62921251453007799F1 /* SystemConfiguration.framework */; };
		9B11C62C21251459007799F1 /* CoreTelephony.framework in Frameworks */ = {isa = PBXBuildFile; fileRef = 9B11C62B21251459007799F1 /* CoreTelephony.framework */; };
		9B11C62E21251466007799F1 /* ReplayKit.framework in Frameworks */ = {isa = PBXBuildFile; fileRef = 9B11C62D21251466007799F1 /* ReplayKit.framework */; };
		9B11C6302125146F007799F1 /* libc++.tbd in Frameworks */ = {isa = PBXBuildFile; fileRef = 9B11C62F2125146F007799F1 /* libc++.tbd */; };
		9B11C63221251475007799F1 /* libxml2.tbd in Frameworks */ = {isa = PBXBuildFile; fileRef = 9B11C63121251475007799F1 /* libxml2.tbd */; };
		9B11C6342125147E007799F1 /* libz.tbd in Frameworks */ = {isa = PBXBuildFile; fileRef = 9B11C6332125147E007799F1 /* libz.tbd */; };
		9B11C63621251490007799F1 /* TTTRtcManager.swift in Sources */ = {isa = PBXBuildFile; fileRef = 9B11C63521251490007799F1 /* TTTRtcManager.swift */; };
		9B11C638212514B1007799F1 /* TTTUser.swift in Sources */ = {isa = PBXBuildFile; fileRef = 9B11C637212514B1007799F1 /* TTTUser.swift */; };
		9B11C63D21251805007799F1 /* TTProgressHud.swift in Sources */ = {isa = PBXBuildFile; fileRef = 9B11C63A21251805007799F1 /* TTProgressHud.swift */; };
		9B11C63E21251805007799F1 /* TTExtension.swift in Sources */ = {isa = PBXBuildFile; fileRef = 9B11C63B21251805007799F1 /* TTExtension.swift */; };
		9B11C63F21251805007799F1 /* TTToast.swift in Sources */ = {isa = PBXBuildFile; fileRef = 9B11C63C21251805007799F1 /* TTToast.swift */; };
		9B11C64121251823007799F1 /* TTTLoginViewController.swift in Sources */ = {isa = PBXBuildFile; fileRef = 9B11C64021251823007799F1 /* TTTLoginViewController.swift */; };
		9B11C64321251831007799F1 /* TTTLiveViewController.swift in Sources */ = {isa = PBXBuildFile; fileRef = 9B11C64221251831007799F1 /* TTTLiveViewController.swift */; };
		9B11C64521254ADE007799F1 /* TTTAVRegion.swift in Sources */ = {isa = PBXBuildFile; fileRef = 9B11C64421254ADE007799F1 /* TTTAVRegion.swift */; };
		9B11C64721254AED007799F1 /* TTTAVRegion.xib in Resources */ = {isa = PBXBuildFile; fileRef = 9B11C64621254AED007799F1 /* TTTAVRegion.xib */; };
		9B11C64B21255C9D007799F1 /* TTTVideoPosition.swift in Sources */ = {isa = PBXBuildFile; fileRef = 9B11C64A21255C9D007799F1 /* TTTVideoPosition.swift */; };
		9B60D4EA2133DAD30058B879 /* TTTCdnViewController.swift in Sources */ = {isa = PBXBuildFile; fileRef = 9B60D4E82133DAD30058B879 /* TTTCdnViewController.swift */; };
		9B60D4EB2133DAD30058B879 /* TTTCdnViewController.xib in Resources */ = {isa = PBXBuildFile; fileRef = 9B60D4E92133DAD30058B879 /* TTTCdnViewController.xib */; };
/* End PBXBuildFile section */

/* Begin PBXFileReference section */
		9B11C613212512F9007799F1 /* TTTLive.app */ = {isa = PBXFileReference; explicitFileType = wrapper.application; includeInIndex = 0; path = TTTLive.app; sourceTree = BUILT_PRODUCTS_DIR; };
		9B11C616212512F9007799F1 /* AppDelegate.swift */ = {isa = PBXFileReference; lastKnownFileType = sourcecode.swift; path = AppDelegate.swift; sourceTree = "<group>"; };
		9B11C61B212512F9007799F1 /* Base */ = {isa = PBXFileReference; lastKnownFileType = file.storyboard; name = Base; path = Base.lproj/Main.storyboard; sourceTree = "<group>"; };
		9B11C61D212512FA007799F1 /* Assets.xcassets */ = {isa = PBXFileReference; lastKnownFileType = folder.assetcatalog; path = Assets.xcassets; sourceTree = "<group>"; };
		9B11C620212512FA007799F1 /* Base */ = {isa = PBXFileReference; lastKnownFileType = file.storyboard; name = Base; path = Base.lproj/LaunchScreen.storyboard; sourceTree = "<group>"; };
		9B11C622212512FA007799F1 /* Info.plist */ = {isa = PBXFileReference; lastKnownFileType = text.plist.xml; path = Info.plist; sourceTree = "<group>"; };
		9B11C62921251453007799F1 /* SystemConfiguration.framework */ = {isa = PBXFileReference; lastKnownFileType = wrapper.framework; name = SystemConfiguration.framework; path = System/Library/Frameworks/SystemConfiguration.framework; sourceTree = SDKROOT; };
		9B11C62B21251459007799F1 /* CoreTelephony.framework */ = {isa = PBXFileReference; lastKnownFileType = wrapper.framework; name = CoreTelephony.framework; path = System/Library/Frameworks/CoreTelephony.framework; sourceTree = SDKROOT; };
		9B11C62D21251466007799F1 /* ReplayKit.framework */ = {isa = PBXFileReference; lastKnownFileType = wrapper.framework; name = ReplayKit.framework; path = System/Library/Frameworks/ReplayKit.framework; sourceTree = SDKROOT; };
		9B11C62F2125146F007799F1 /* libc++.tbd */ = {isa = PBXFileReference; lastKnownFileType = "sourcecode.text-based-dylib-definition"; name = "libc++.tbd"; path = "usr/lib/libc++.tbd"; sourceTree = SDKROOT; };
		9B11C63121251475007799F1 /* libxml2.tbd */ = {isa = PBXFileReference; lastKnownFileType = "sourcecode.text-based-dylib-definition"; name = libxml2.tbd; path = usr/lib/libxml2.tbd; sourceTree = SDKROOT; };
		9B11C6332125147E007799F1 /* libz.tbd */ = {isa = PBXFileReference; lastKnownFileType = "sourcecode.text-based-dylib-definition"; name = libz.tbd; path = usr/lib/libz.tbd; sourceTree = SDKROOT; };
		9B11C63521251490007799F1 /* TTTRtcManager.swift */ = {isa = PBXFileReference; lastKnownFileType = sourcecode.swift; path = TTTRtcManager.swift; sourceTree = "<group>"; };
		9B11C637212514B1007799F1 /* TTTUser.swift */ = {isa = PBXFileReference; lastKnownFileType = sourcecode.swift; path = TTTUser.swift; sourceTree = "<group>"; };
		9B11C63A21251805007799F1 /* TTProgressHud.swift */ = {isa = PBXFileReference; fileEncoding = 4; lastKnownFileType = sourcecode.swift; path = TTProgressHud.swift; sourceTree = "<group>"; };
		9B11C63B21251805007799F1 /* TTExtension.swift */ = {isa = PBXFileReference; fileEncoding = 4; lastKnownFileType = sourcecode.swift; path = TTExtension.swift; sourceTree = "<group>"; };
		9B11C63C21251805007799F1 /* TTToast.swift */ = {isa = PBXFileReference; fileEncoding = 4; lastKnownFileType = sourcecode.swift; path = TTToast.swift; sourceTree = "<group>"; };
		9B11C64021251823007799F1 /* TTTLoginViewController.swift */ = {isa = PBXFileReference; lastKnownFileType = sourcecode.swift; path = TTTLoginViewController.swift; sourceTree = "<group>"; };
		9B11C64221251831007799F1 /* TTTLiveViewController.swift */ = {isa = PBXFileReference; lastKnownFileType = sourcecode.swift; path = TTTLiveViewController.swift; sourceTree = "<group>"; };
		9B11C64421254ADE007799F1 /* TTTAVRegion.swift */ = {isa = PBXFileReference; lastKnownFileType = sourcecode.swift; path = TTTAVRegion.swift; sourceTree = "<group>"; };
		9B11C64621254AED007799F1 /* TTTAVRegion.xib */ = {isa = PBXFileReference; lastKnownFileType = file.xib; path = TTTAVRegion.xib; sourceTree = "<group>"; };
		9B11C64A21255C9D007799F1 /* TTTVideoPosition.swift */ = {isa = PBXFileReference; lastKnownFileType = sourcecode.swift; path = TTTVideoPosition.swift; sourceTree = "<group>"; };
		9B60D4E82133DAD30058B879 /* TTTCdnViewController.swift */ = {isa = PBXFileReference; lastKnownFileType = sourcecode.swift; path = TTTCdnViewController.swift; sourceTree = "<group>"; };
		9B60D4E92133DAD30058B879 /* TTTCdnViewController.xib */ = {isa = PBXFileReference; lastKnownFileType = file.xib; path = TTTCdnViewController.xib; sourceTree = "<group>"; };
/* End PBXFileReference section */

/* Begin PBXFrameworksBuildPhase section */
		9B11C610212512F9007799F1 /* Frameworks */ = {
			isa = PBXFrameworksBuildPhase;
			buildActionMask = 2147483647;
			files = (
				9B11C6342125147E007799F1 /* libz.tbd in Frameworks */,
				9B11C63221251475007799F1 /* libxml2.tbd in Frameworks */,
				9B11C6302125146F007799F1 /* libc++.tbd in Frameworks */,
				9B11C62E21251466007799F1 /* ReplayKit.framework in Frameworks */,
				9B11C62C21251459007799F1 /* CoreTelephony.framework in Frameworks */,
				9B11C62A21251453007799F1 /* SystemConfiguration.framework in Frameworks */,
			);
			runOnlyForDeploymentPostprocessing = 0;
		};
/* End PBXFrameworksBuildPhase section */

/* Begin PBXGroup section */
		9B11C60A212512F9007799F1 = {
			isa = PBXGroup;
			children = (
				9B11C615212512F9007799F1 /* TTTLive */,
				9B11C614212512F9007799F1 /* Products */,
				9B11C62821251453007799F1 /* Frameworks */,
			);
			sourceTree = "<group>";
		};
		9B11C614212512F9007799F1 /* Products */ = {
			isa = PBXGroup;
			children = (
				9B11C613212512F9007799F1 /* TTTLive.app */,
			);
			name = Products;
			sourceTree = "<group>";
		};
		9B11C615212512F9007799F1 /* TTTLive */ = {
			isa = PBXGroup;
			children = (
				9B11C616212512F9007799F1 /* AppDelegate.swift */,
				9B11C63521251490007799F1 /* TTTRtcManager.swift */,
				9B11C64021251823007799F1 /* TTTLoginViewController.swift */,
				9B11C64221251831007799F1 /* TTTLiveViewController.swift */,
				9B60D4E82133DAD30058B879 /* TTTCdnViewController.swift */,
				9B60D4E92133DAD30058B879 /* TTTCdnViewController.xib */,
				9B11C64A21255C9D007799F1 /* TTTVideoPosition.swift */,
				9B11C64421254ADE007799F1 /* TTTAVRegion.swift */,
				9B11C64621254AED007799F1 /* TTTAVRegion.xib */,
				9B11C637212514B1007799F1 /* TTTUser.swift */,
				9B11C63921251805007799F1 /* TTHelper */,
				9B11C61A212512F9007799F1 /* Main.storyboard */,
				9B11C61D212512FA007799F1 /* Assets.xcassets */,
				9B11C61F212512FA007799F1 /* LaunchScreen.storyboard */,
				9B11C622212512FA007799F1 /* Info.plist */,
			);
			path = TTTLive;
			sourceTree = "<group>";
		};
		9B11C62821251453007799F1 /* Frameworks */ = {
			isa = PBXGroup;
			children = (
				9B11C6332125147E007799F1 /* libz.tbd */,
				9B11C63121251475007799F1 /* libxml2.tbd */,
				9B11C62F2125146F007799F1 /* libc++.tbd */,
				9B11C62D21251466007799F1 /* ReplayKit.framework */,
				9B11C62B21251459007799F1 /* CoreTelephony.framework */,
				9B11C62921251453007799F1 /* SystemConfiguration.framework */,
			);
			name = Frameworks;
			sourceTree = "<group>";
		};
		9B11C63921251805007799F1 /* TTHelper */ = {
			isa = PBXGroup;
			children = (
				9B11C63A21251805007799F1 /* TTProgressHud.swift */,
				9B11C63B21251805007799F1 /* TTExtension.swift */,
				9B11C63C21251805007799F1 /* TTToast.swift */,
			);
			path = TTHelper;
			sourceTree = "<group>";
		};
/* End PBXGroup section */

/* Begin PBXNativeTarget section */
		9B11C612212512F9007799F1 /* TTTLive */ = {
			isa = PBXNativeTarget;
			buildConfigurationList = 9B11C625212512FA007799F1 /* Build configuration list for PBXNativeTarget "TTTLive" */;
			buildPhases = (
				9B11C60F212512F9007799F1 /* Sources */,
				9B11C610212512F9007799F1 /* Frameworks */,
				9B11C611212512F9007799F1 /* Resources */,
				9B0F3C2E212FA138009521EA /* ShellScript */,
			);
			buildRules = (
			);
			dependencies = (
			);
			name = TTTLive;
			productName = TTTLive;
			productReference = 9B11C613212512F9007799F1 /* TTTLive.app */;
			productType = "com.apple.product-type.application";
		};
/* End PBXNativeTarget section */

/* Begin PBXProject section */
		9B11C60B212512F9007799F1 /* Project object */ = {
			isa = PBXProject;
			attributes = {
				LastSwiftUpdateCheck = 0940;
				LastUpgradeCheck = 0940;
				ORGANIZATIONNAME = yanzhen;
				TargetAttributes = {
					9B11C612212512F9007799F1 = {
						CreatedOnToolsVersion = 9.4;
						SystemCapabilities = {
							com.apple.BackgroundModes = {
								enabled = 1;
							};
						};
					};
				};
			};
			buildConfigurationList = 9B11C60E212512F9007799F1 /* Build configuration list for PBXProject "TTTLive" */;
			compatibilityVersion = "Xcode 9.3";
			developmentRegion = en;
			hasScannedForEncodings = 0;
			knownRegions = (
				en,
				Base,
			);
			mainGroup = 9B11C60A212512F9007799F1;
			productRefGroup = 9B11C614212512F9007799F1 /* Products */;
			projectDirPath = "";
			projectRoot = "";
			targets = (
				9B11C612212512F9007799F1 /* TTTLive */,
			);
		};
/* End PBXProject section */

/* Begin PBXResourcesBuildPhase section */
		9B11C611212512F9007799F1 /* Resources */ = {
			isa = PBXResourcesBuildPhase;
			buildActionMask = 2147483647;
			files = (
				9B11C621212512FA007799F1 /* LaunchScreen.storyboard in Resources */,
				9B11C61E212512FA007799F1 /* Assets.xcassets in Resources */,
				9B60D4EB2133DAD30058B879 /* TTTCdnViewController.xib in Resources */,
				9B11C61C212512F9007799F1 /* Main.storyboard in Resources */,
				9B11C64721254AED007799F1 /* TTTAVRegion.xib in Resources */,
			);
			runOnlyForDeploymentPostprocessing = 0;
		};
/* End PBXResourcesBuildPhase section */

/* Begin PBXShellScriptBuildPhase section */
		9B0F3C2E212FA138009521EA /* ShellScript */ = {
			isa = PBXShellScriptBuildPhase;
			buildActionMask = 2147483647;
			files = (
			);
			inputPaths = (
			);
			outputPaths = (
			);
			runOnlyForDeploymentPostprocessing = 0;
			shellPath = /bin/sh;
			shellScript = "#!/bin/sh\n#\n# Copyright 2016 Bugly, Tencent. All rights reserved.\n#\n# V1.4.0\n#\n# 2016.08.03\n#\n#\n#\n######################################################\n# 1. 脚本集成到Xcode工程的Target\n######################################################\n#\n# --- Copy the SCRIPT to the Run Script of Build Phases in the Xcode project ---\n#\n# #正式\nBUGLY_APP_ID=\"7a6560b369\"\nBUGLY_APP_KEY=\"48d6fa99-9f36-4e52-91d9-59de62cedbd0\"\nBUNDLE_IDENTIFIER=\"com.3ttech.TTTLive\"\n\n#测试\n#BUGLY_APP_ID=\"7c73a70032\"\n#BUGLY_APP_KEY=\"f72ce2fb-62a0-4c06-b8cd-ffd8219e5802\"\n#BUNDLE_IDENTIFIER=\"com.3ttech.TTTRtcEngineDemoTest\"\n\n# #\nUPLOAD_DSYM_ONLY=1\n# #\nUPLOAD_DEBUG_SYMBOLS=0\n# #\nUPLOAD_ARCHIVE_ONLY=0\n#\n# # 脚本默认配置的版本格式为CFBundleShortVersionString(CFBundleVersion),  如果你修改默认的版本格式, 请设置此变量, 如果不想修改, 请忽略此设置\n# CUSTOMIZED_APP_VERSION=\"\"\n#\n# # Debug模式编译是否上传，1＝上传 0＝不上传，默认不上传\n# UPLOAD_DEBUG_SYMBOLS=0\n#\n# # 模拟器编译是否上传，1=上传 0=不上传，默认不上传\n# UPLOAD_SIMULATOR_SYMBOLS=0\n#\n# #只有Archive操作时上传, 1=支持Archive上传 0=所有Release模式编译都上传\n# UPLOAD_ARCHIVE_ONLY=0\n#\n# #\n# source dSYMUpload.sh\n#\n# --- END OF SCRIPT ---\n#\n#\n#\n#\n#######################################################\n# 2. 脚本根据输入参数处理\n#######################################################\n#\n# #命令行下输入应用基本信息, .dSYM文件的父目录路径, 输出文件目录即可\n#\n# sh dSYMUpload.sh <bugly_app_id> <bugly_app_key> <app_bundle_identifier> <app_version> <dSYM_src_dir> <bSYMBOL_dest_dir>\n#\n# #\n#\n# #注意:\n# # 1. dSYMUpload.sh会调用buglySymboliOS.jar进行.dSYM解析，所以依赖Java运行时环境\n# # 2. dSYMUpload.sh和buglySymboliOS.jar的文件路径需一致\n#\n#\n\n#\n# --- CONTENT OF SCRIPT ---\n#\n\n# Bugly服务域名\nBUGLY_DSYM_UPLOAD_DOMAIN=\"api.bugly.qq.com\"\n\n# 注意jar工具的路径跟dSYMUpload.sh脚本路径一致, 请务必保证jar路径的正确性\nBUGLY_SYMBOL_JAR_PATH=\"dsymtool/buglySymboliOS.jar\"\n# 查找添加到系统目录的jar工具\nif [ ! -f \"${BUGLY_SYMBOL_JAR_PATH}\" ]; then\nBUGLY_SYMBOL_JAR_PATH=\"$HOME/bin/buglySymboliOS.jar\"\nfi\n\n# 打印错误信息\nfunction exitWithMessage(){\n    echo \"--------------------------------\"\n    echo \"${1}\"\n    echo \"--------------------------------\"\n    exit ${2}\n}\n\n# 上传bSYMBOL文件\nfunction dSYMUpload() {\n    P_APP_ID=\"$1\"\n    P_APP_KEY=\"$2\"\n    P_APP_BUNDLE_ID=\"$3\"\n    P_APP_VERSION=\"$4\"\n    P_BSYMBOL_ZIP_FILE=\"$5\"\n    \n    #\n    P_BSYMBOL_ZIP_FILE_NAME=${P_BSYMBOL_ZIP_FILE##*/}\n        P_BSYMBOL_ZIP_FILE_NAME=${P_BSYMBOL_ZIP_FILE_NAME//&/_}\n            P_BSYMBOL_ZIP_FILE_NAME=\"${P_BSYMBOL_ZIP_FILE_NAME// /_}\"\n            \n            DSYM_UPLOAD_URL=\"https://${BUGLY_DSYM_UPLOAD_DOMAIN}/openapi/file/upload/symbol?app_id=${P_APP_ID}&app_key=${P_APP_KEY}\"\n            echo \"dSYM upload url: ${DSYM_UPLOAD_URL}\"\n            \n            echo \"-----------------------------\"\n            STATUS=$(/usr/bin/curl -k \"${DSYM_UPLOAD_URL}\" --form \"api_version=1\" --form \"app_id=${P_APP_ID}\" --form \"app_key=${P_APP_KEY}\" --form \"symbolType=2\"  --form \"bundleId=${BUNDLE_IDENTIFIER}\" --form \"productVersion=${BUGLY_APP_VERSION}\" --form \"fileName=${P_BSYMBOL_ZIP_FILE_NAME}\" --form \"file=@${P_BSYMBOL_ZIP_FILE}\" --verbose)\n            echo \"-----------------------------\"\n            \n            UPLOAD_RESULT=\"FAILTURE\"\n            echo \"Bugly server response: ${STATUS}\"\n            if [ ! \"${STATUS}\" ]; then\n            echo \"Error: Failed to upload the zip archive file.\"\n            elif [[ \"${STATUS}\" == *\"{\\\"reponseCode\\\":\\\"0\\\"}\"* ]]; then\n            echo \"Success to upload the dSYM for the app [${BUNDLE_IDENTIFIER} ${BUGLY_APP_VERSION}]\"\n            UPLOAD_RESULT=\"SUCCESS\"\n            else\n            echo \"Error: Failed to upload the zip archive file to Bugly.\"\n            fi\n            \n            #Remove temp dSYM archive\n            #echo \"Remove temporary zip archive: ${DSYM_ZIP_FPATH}\"\n            #/bin/rm -f \"${DSYM_ZIP_FPATH}\"\n            \n            if [ \"$?\" -ne 0 ]; then\n            exitWithMessage \"Error: Failed to remove temporary zip archive.\" 0\n            fi\n            \n            echo \"--------------------------------\"\n            echo \"${UPLOAD_RESULT} - dSYM upload complete.\"\n            \n            if [[ \"${UPLOAD_RESULT}\" == \"FAILTURE\" ]]; then\n            echo \"--------------------------------\"\n            echo \"Failed to upload the dSYM\"\n            echo \"Please check the script and try it again.\"\n            fi\n        }\n        \n        # .dSYM解析为bSYMBOL文件\n        function dSYMParse() {\n            DSYM_FILE=\"$1\"\n            DSYM_SYMBOL_FILE=\"$2\"\n            \n            echo \"--------------------------------\"\n            echo \"Extract symbol info from .dSYM file. to ${DSYM_SYMBOL_FILE}\"\n            (/usr/bin/java -Xms512m -Xmx1024m -Dfile.encoding=UTF8 -jar \"${BUGLY_SYMBOL_JAR_PATH}\" -i \"${DSYM_FILE}\" -o \"${DSYM_SYMBOL_FILE}\" ) || exitWithMessage \"Error: Failed to extract symbols.\" 1\n            echo \"--------------------------------\"\n            \n        }\n        \n        # 执行\n        function run() {\n            \n            CONFIG_BUGLY_APP_ID=\"$1\"\n            CONFIG_BUGLY_APP_KEY=\"$2\"\n            \n            CONFIG_BUGLY_APP_BUNDLE_IDENTIFIER=\"$3\"\n            CONFIG_BUGLY_APP_VERSION=\"$4\"\n            CONFIG_DSYM_SOURCE_DIR=\"$5\"\n            CONFIG_DSYM_DEST_DIR=\"$6\"\n            CONFIG_UPLOAD_DSYM_ONLY=\"$7\"\n            \n            # 检查必须参数是否设置\n            if [ ! \"${CONFIG_BUGLY_APP_ID}\" ]; then\n            exitWithMessage \"Error: Bugly App ID not defined. Please set 'BUGLY_APP_ID' \" 0\n            fi\n            \n            if [[ \"${CONFIG_BUGLY_APP_ID}\" == *\"App ID\"* ]]; then\n            exitWithMessage \"Error: Bugly App ID not defined.\" 0\n            fi\n            \n            if [ ! \"${CONFIG_BUGLY_APP_KEY}\" ]; then\n            exitWithMessage \"Error: Bugly App Key not defined.\" 0\n            fi\n            \n            if [ ! \"${CONFIG_BUGLY_APP_BUNDLE_IDENTIFIER}\" ]; then\n            exitWithMessage \"Error: Bundle Identifier not defined.\" 0\n            fi\n            \n            if [ ! \"${CONFIG_BUGLY_APP_VERSION}\" ]; then\n            exitWithMessage \"Error: App Version not defined.\" 0\n            fi\n            \n            if [ ! -e \"${CONFIG_DSYM_SOURCE_DIR}\" ]; then\n            exitWithMessage \"Error: Invalid dir ${CONFIG_DSYM_SOURCE_DIR}\" 0\n            fi\n            \n            if [ ! \"${CONFIG_DSYM_DEST_DIR}\" ]; then\n            exitWithMessage \"Error: Invalid dir ${CONFIG_DSYM_DEST_DIR}\" 0\n            fi\n            \n            if [ ! -e \"${CONFIG_DSYM_DEST_DIR}\" ]; then\n            mkdir ${CONFIG_DSYM_DEST_DIR}\n            fi\n            \n            DSYM_FOLDER=\"${CONFIG_DSYM_SOURCE_DIR}\"\n            IFS=$'\\n'\n            \n            echo \"Scaning dSYM FOLDER: ${DSYM_FOLDER} ...\"\n            RET=\"F\"\n            \n            #\n            for dsymFile in $(find \"$DSYM_FOLDER\" -name '*.dSYM'); do\n            RET=\"T\"\n            echo \"Found dSYM file: $dsymFile\"\n            \n            DSYM_FILE_NAME=${dsymFile##*/}\n                DSYM_SYMBOL_ZIP_FILE_NAME=\"${DSYM_FILE_NAME}.zip\"\n                DSYM_SYMBOL_ZIP_FILE_NAME=\"${DSYM_SYMBOL_ZIP_FILE_NAME// /_}\"\n                DSYM_SYMBOL_ZIP_FILE=${CONFIG_DSYM_DEST_DIR}/${DSYM_SYMBOL_ZIP_FILE_NAME}\n                \n                if [ $CONFIG_UPLOAD_DSYM_ONLY -eq 1 ]; then\n                if [ -e $DSYM_SYMBOL_ZIP_FILE ]; then\n                rm -f $DSYM_SYMBOL_ZIP_FILE\n                fi\n                # 如果只上传dSYM，直接压缩dSYM目录\n                zip -r -j $DSYM_SYMBOL_ZIP_FILE $dsymFile -x *.plist\n                else\n                # 使用符号表工具来生成Symbol文件\n                dSYMParse $dsymFile $DSYM_SYMBOL_ZIP_FILE\n                fi\n                \n                # 上传\n                dSYMUpload $CONFIG_BUGLY_APP_ID $CONFIG_BUGLY_APP_KEY $CONFIG_BUGLY_APP_BUNDLE_IDENTIFIER $CONFIG_BUGLY_APP_VERSION $DSYM_SYMBOL_ZIP_FILE\n                done\n                \n                if [ $RET = \"F\" ]; then\n                exitWithMessage \"No .dSYM found in ${DSYM_FOLDER}\" 0\n                fi\n            }\n            \n            # 在Xcode工程中执行\n            function runInXcode(){\n                echo \"Uploading dSYM to Bugly in Xcode ...\"\n                \n                echo \"Info.Plist : ${INFOPLIST_FILE}\"\n                \n                BUNDLE_VERSION=$(/usr/libexec/PlistBuddy -c 'Print CFBundleVersion' \"${INFOPLIST_FILE}\")\n                BUNDLE_SHORT_VERSION=$(/usr/libexec/PlistBuddy -c 'Print CFBundleShortVersionString' \"${INFOPLIST_FILE}\")\n                \n                # 组装Bugly默认识别的版本信息(格式为CFBundleShortVersionString(CFBundleVersion), 例如: 1.0(1))\n                if [ ! \"${CUSTOMIZED_APP_VERSION}\" ]; then\n                BUGLY_APP_VERSION=\"${BUNDLE_SHORT_VERSION}(${BUNDLE_VERSION})\"\n                else\n                BUGLY_APP_VERSION=\"${CUSTOMIZED_APP_VERSION}\"\n                fi\n                \n                echo \"--------------------------------\"\n                echo \"Prepare application information.\"\n                echo \"--------------------------------\"\n                \n                echo \"Product Name: ${PRODUCT_NAME}\"\n                echo \"Bundle Identifier: ${BUNDLE_IDENTIFIER}\"\n                echo \"Version: ${BUNDLE_SHORT_VERSION}\"\n                echo \"Build: ${BUNDLE_VERSION}\"\n                \n                echo \"Bugly App ID: ${BUGLY_APP_ID}\"\n                echo \"Bugly App key: ${BUGLY_APP_KEY}\"\n                echo \"Bugly App Version: ${BUGLY_APP_VERSION}\"\n                \n                echo \"--------------------------------\"\n                echo \"Check the arguments ...\"\n                \n                ##检查模拟器编译是否允许上传符号\n                if [ \"$EFFECTIVE_PLATFORM_NAME\" == \"-iphonesimulator\" ]; then\n                if [ $UPLOAD_SIMULATOR_SYMBOLS -eq 0 ]; then\n                exitWithMessage \"Warning: Build for simulator and skipping to upload. \\nYou can modify 'UPLOAD_SIMULATOR_SYMBOLS' to 1 in the script.\" 0\n                fi\n                fi\n                \n                ##检查是否是Release模式编译\n                if [ \"${CONFIGURATION=}\" == \"Debug\" ]; then\n                if [ $UPLOAD_DEBUG_SYMBOLS -eq 0 ]; then\n                exitWithMessage \"Warning: Build for debug mode and skipping to upload. \\nYou can modify 'UPLOAD_DEBUG_SYMBOLS' to 1 in the script.\" 0\n                fi\n                fi\n                \n                ##检查是否Archive操作\n                if [ $UPLOAD_ARCHIVE_ONLY -eq 1 ]; then\n                if [[ \"$TARGET_BUILD_DIR\" == *\"/Archive\"* ]]; then\n                echo \"Archive the package\"\n                else\n                exitWithMessage \"Warning: Build for NOT Archive mode and skipping to upload. \\nYou can modify 'UPLOAD_ARCHIVE_ONLY' to 0 in the script.\" 0\n                fi\n                fi\n                \n                #\n                run ${BUGLY_APP_ID} ${BUGLY_APP_KEY} ${BUNDLE_IDENTIFIER} ${BUGLY_APP_VERSION} ${DWARF_DSYM_FOLDER_PATH} ${BUILD_DIR}/BuglySymbolTemp ${UPLOAD_DSYM_ONLY}\n            }\n            \n            # 根据Xcode的环境变量判断是否处于Xcode环境\n            INFO_PLIST_FILE=\"${INFOPLIST_FILE}\"\n            \n            BuildInXcode=\"F\"\n            if [ -f \"${INFO_PLIST_FILE}\" ]; then\n            BuildInXcode=\"T\"\n            fi\n            \n            if [ $BuildInXcode = \"T\" ]; then\n            runInXcode\n            else\n            echo \"\\nUsage: dSYMUpload.sh <bugly_app_id> <bugly_app_key> <app_bundle_identifier> <app_version> <dSYM_src_dir> <bSYMBOL_dest_dir> [upload_dsym_only]\\n\"\n            # 你可以在此处直接设置BuglyAppID和BuglyAppKey，排除不常变参数的输入\n            BUGLY_APP_ID=\"$1\"\n            BUGLY_APP_KEY=\"$2\"\n            BUNDLE_IDENTIFIER=\"$3\"\n            BUGLY_APP_VERSION=\"$4\"\n            DWARF_DSYM_FOLDER_PATH=\"$5\"\n            SYMBOL_OUTPUT_PATH=\"$6\"\n            UPLOAD_DSYM_ONLY=$7\n            run ${BUGLY_APP_ID} ${BUGLY_APP_KEY} ${BUNDLE_IDENTIFIER} ${BUGLY_APP_VERSION} ${DWARF_DSYM_FOLDER_PATH} ${SYMBOL_OUTPUT_PATH} ${UPLOAD_DSYM_ONLY}\n            fi";
		};
/* End PBXShellScriptBuildPhase section */

/* Begin PBXSourcesBuildPhase section */
		9B11C60F212512F9007799F1 /* Sources */ = {
			isa = PBXSourcesBuildPhase;
			buildActionMask = 2147483647;
			files = (
				9B11C64321251831007799F1 /* TTTLiveViewController.swift in Sources */,
				9B60D4EA2133DAD30058B879 /* TTTCdnViewController.swift in Sources */,
				9B11C64B21255C9D007799F1 /* TTTVideoPosition.swift in Sources */,
				9B11C63F21251805007799F1 /* TTToast.swift in Sources */,
				9B11C63621251490007799F1 /* TTTRtcManager.swift in Sources */,
				9B11C64121251823007799F1 /* TTTLoginViewController.swift in Sources */,
				9B11C617212512F9007799F1 /* AppDelegate.swift in Sources */,
				9B11C64521254ADE007799F1 /* TTTAVRegion.swift in Sources */,
				9B11C63E21251805007799F1 /* TTExtension.swift in Sources */,
				9B11C63D21251805007799F1 /* TTProgressHud.swift in Sources */,
				9B11C638212514B1007799F1 /* TTTUser.swift in Sources */,
			);
			runOnlyForDeploymentPostprocessing = 0;
		};
/* End PBXSourcesBuildPhase section */

/* Begin PBXVariantGroup section */
		9B11C61A212512F9007799F1 /* Main.storyboard */ = {
			isa = PBXVariantGroup;
			children = (
				9B11C61B212512F9007799F1 /* Base */,
			);
			name = Main.storyboard;
			sourceTree = "<group>";
		};
		9B11C61F212512FA007799F1 /* LaunchScreen.storyboard */ = {
			isa = PBXVariantGroup;
			children = (
				9B11C620212512FA007799F1 /* Base */,
			);
			name = LaunchScreen.storyboard;
			sourceTree = "<group>";
		};
/* End PBXVariantGroup section */

/* Begin XCBuildConfiguration section */
		9B11C623212512FA007799F1 /* Debug */ = {
			isa = XCBuildConfiguration;
			buildSettings = {
				ALWAYS_SEARCH_USER_PATHS = NO;
				CLANG_ANALYZER_NONNULL = YES;
				CLANG_ANALYZER_NUMBER_OBJECT_CONVERSION = YES_AGGRESSIVE;
				CLANG_CXX_LANGUAGE_STANDARD = "gnu++14";
				CLANG_CXX_LIBRARY = "libc++";
				CLANG_ENABLE_MODULES = YES;
				CLANG_ENABLE_OBJC_ARC = YES;
				CLANG_ENABLE_OBJC_WEAK = YES;
				CLANG_WARN_BLOCK_CAPTURE_AUTORELEASING = YES;
				CLANG_WARN_BOOL_CONVERSION = YES;
				CLANG_WARN_COMMA = YES;
				CLANG_WARN_CONSTANT_CONVERSION = YES;
				CLANG_WARN_DEPRECATED_OBJC_IMPLEMENTATIONS = YES;
				CLANG_WARN_DIRECT_OBJC_ISA_USAGE = YES_ERROR;
				CLANG_WARN_DOCUMENTATION_COMMENTS = YES;
				CLANG_WARN_EMPTY_BODY = YES;
				CLANG_WARN_ENUM_CONVERSION = YES;
				CLANG_WARN_INFINITE_RECURSION = YES;
				CLANG_WARN_INT_CONVERSION = YES;
				CLANG_WARN_NON_LITERAL_NULL_CONVERSION = YES;
				CLANG_WARN_OBJC_IMPLICIT_RETAIN_SELF = YES;
				CLANG_WARN_OBJC_LITERAL_CONVERSION = YES;
				CLANG_WARN_OBJC_ROOT_CLASS = YES_ERROR;
				CLANG_WARN_RANGE_LOOP_ANALYSIS = YES;
				CLANG_WARN_STRICT_PROTOTYPES = YES;
				CLANG_WARN_SUSPICIOUS_MOVE = YES;
				CLANG_WARN_UNGUARDED_AVAILABILITY = YES_AGGRESSIVE;
				CLANG_WARN_UNREACHABLE_CODE = YES;
				CLANG_WARN__DUPLICATE_METHOD_MATCH = YES;
				CODE_SIGN_IDENTITY = "iPhone Developer";
				COPY_PHASE_STRIP = NO;
				DEBUG_INFORMATION_FORMAT = dwarf;
				ENABLE_STRICT_OBJC_MSGSEND = YES;
				ENABLE_TESTABILITY = YES;
				GCC_C_LANGUAGE_STANDARD = gnu11;
				GCC_DYNAMIC_NO_PIC = NO;
				GCC_NO_COMMON_BLOCKS = YES;
				GCC_OPTIMIZATION_LEVEL = 0;
				GCC_PREPROCESSOR_DEFINITIONS = (
					"DEBUG=1",
					"$(inherited)",
				);
				GCC_WARN_64_TO_32_BIT_CONVERSION = YES;
				GCC_WARN_ABOUT_RETURN_TYPE = YES_ERROR;
				GCC_WARN_UNDECLARED_SELECTOR = YES;
				GCC_WARN_UNINITIALIZED_AUTOS = YES_AGGRESSIVE;
				GCC_WARN_UNUSED_FUNCTION = YES;
				GCC_WARN_UNUSED_VARIABLE = YES;
				IPHONEOS_DEPLOYMENT_TARGET = 11.4;
				MTL_ENABLE_DEBUG_INFO = YES;
				ONLY_ACTIVE_ARCH = YES;
				SDKROOT = iphoneos;
				SWIFT_ACTIVE_COMPILATION_CONDITIONS = DEBUG;
				SWIFT_OPTIMIZATION_LEVEL = "-Onone";
			};
			name = Debug;
		};
		9B11C624212512FA007799F1 /* Release */ = {
			isa = XCBuildConfiguration;
			buildSettings = {
				ALWAYS_SEARCH_USER_PATHS = NO;
				CLANG_ANALYZER_NONNULL = YES;
				CLANG_ANALYZER_NUMBER_OBJECT_CONVERSION = YES_AGGRESSIVE;
				CLANG_CXX_LANGUAGE_STANDARD = "gnu++14";
				CLANG_CXX_LIBRARY = "libc++";
				CLANG_ENABLE_MODULES = YES;
				CLANG_ENABLE_OBJC_ARC = YES;
				CLANG_ENABLE_OBJC_WEAK = YES;
				CLANG_WARN_BLOCK_CAPTURE_AUTORELEASING = YES;
				CLANG_WARN_BOOL_CONVERSION = YES;
				CLANG_WARN_COMMA = YES;
				CLANG_WARN_CONSTANT_CONVERSION = YES;
				CLANG_WARN_DEPRECATED_OBJC_IMPLEMENTATIONS = YES;
				CLANG_WARN_DIRECT_OBJC_ISA_USAGE = YES_ERROR;
				CLANG_WARN_DOCUMENTATION_COMMENTS = YES;
				CLANG_WARN_EMPTY_BODY = YES;
				CLANG_WARN_ENUM_CONVERSION = YES;
				CLANG_WARN_INFINITE_RECURSION = YES;
				CLANG_WARN_INT_CONVERSION = YES;
				CLANG_WARN_NON_LITERAL_NULL_CONVERSION = YES;
				CLANG_WARN_OBJC_IMPLICIT_RETAIN_SELF = YES;
				CLANG_WARN_OBJC_LITERAL_CONVERSION = YES;
				CLANG_WARN_OBJC_ROOT_CLASS = YES_ERROR;
				CLANG_WARN_RANGE_LOOP_ANALYSIS = YES;
				CLANG_WARN_STRICT_PROTOTYPES = YES;
				CLANG_WARN_SUSPICIOUS_MOVE = YES;
				CLANG_WARN_UNGUARDED_AVAILABILITY = YES_AGGRESSIVE;
				CLANG_WARN_UNREACHABLE_CODE = YES;
				CLANG_WARN__DUPLICATE_METHOD_MATCH = YES;
				CODE_SIGN_IDENTITY = "iPhone Developer";
				COPY_PHASE_STRIP = NO;
				DEBUG_INFORMATION_FORMAT = "dwarf-with-dsym";
				ENABLE_NS_ASSERTIONS = NO;
				ENABLE_STRICT_OBJC_MSGSEND = YES;
				GCC_C_LANGUAGE_STANDARD = gnu11;
				GCC_NO_COMMON_BLOCKS = YES;
				GCC_WARN_64_TO_32_BIT_CONVERSION = YES;
				GCC_WARN_ABOUT_RETURN_TYPE = YES_ERROR;
				GCC_WARN_UNDECLARED_SELECTOR = YES;
				GCC_WARN_UNINITIALIZED_AUTOS = YES_AGGRESSIVE;
				GCC_WARN_UNUSED_FUNCTION = YES;
				GCC_WARN_UNUSED_VARIABLE = YES;
				IPHONEOS_DEPLOYMENT_TARGET = 11.4;
				MTL_ENABLE_DEBUG_INFO = NO;
				SDKROOT = iphoneos;
				SWIFT_COMPILATION_MODE = wholemodule;
				SWIFT_OPTIMIZATION_LEVEL = "-O";
				VALIDATE_PRODUCT = YES;
			};
			name = Release;
		};
		9B11C626212512FA007799F1 /* Debug */ = {
			isa = XCBuildConfiguration;
			buildSettings = {
				ASSETCATALOG_COMPILER_APPICON_NAME = AppIcon;
				CODE_SIGN_STYLE = Automatic;
				DEVELOPMENT_TEAM = 4SZ6BRJK5P;
				ENABLE_BITCODE = NO;
				FRAMEWORK_SEARCH_PATHS = "$(SRCROOT)/../TTTLib";
				INFOPLIST_FILE = TTTLive/Info.plist;
				IPHONEOS_DEPLOYMENT_TARGET = 9.0;
				LD_RUNPATH_SEARCH_PATHS = (
					"$(inherited)",
					"@executable_path/Frameworks",
				);
				OTHER_LDFLAGS = (
					"-framework",
					TTTPlayerKit,
					"-framework",
					TTTRtcEngineKit,
				);
				PRODUCT_BUNDLE_IDENTIFIER = com.3ttech.TTTLive;
				PRODUCT_NAME = "$(TARGET_NAME)";
				SWIFT_VERSION = 4.0;
				TARGETED_DEVICE_FAMILY = "1,2";
			};
			name = Debug;
		};
		9B11C627212512FA007799F1 /* Release */ = {
			isa = XCBuildConfiguration;
			buildSettings = {
				ASSETCATALOG_COMPILER_APPICON_NAME = AppIcon;
				CODE_SIGN_STYLE = Automatic;
				DEVELOPMENT_TEAM = 4SZ6BRJK5P;
				ENABLE_BITCODE = NO;
				FRAMEWORK_SEARCH_PATHS = "$(SRCROOT)/../TTTLib";
				INFOPLIST_FILE = TTTLive/Info.plist;
				IPHONEOS_DEPLOYMENT_TARGET = 9.0;
				LD_RUNPATH_SEARCH_PATHS = (
					"$(inherited)",
					"@executable_path/Frameworks",
				);
				OTHER_LDFLAGS = (
					"-framework",
					TTTPlayerKit,
					"-framework",
					TTTRtcEngineKit,
				);
				PRODUCT_BUNDLE_IDENTIFIER = com.3ttech.TTTLive;
				PRODUCT_NAME = "$(TARGET_NAME)";
				SWIFT_VERSION = 4.0;
				TARGETED_DEVICE_FAMILY = "1,2";
			};
			name = Release;
		};
/* End XCBuildConfiguration section */

/* Begin XCConfigurationList section */
		9B11C60E212512F9007799F1 /* Build configuration list for PBXProject "TTTLive" */ = {
			isa = XCConfigurationList;
			buildConfigurations = (
				9B11C623212512FA007799F1 /* Debug */,
				9B11C624212512FA007799F1 /* Release */,
			);
			defaultConfigurationIsVisible = 0;
			defaultConfigurationName = Release;
		};
		9B11C625212512FA007799F1 /* Build configuration list for PBXNativeTarget "TTTLive" */ = {
			isa = XCConfigurationList;
			buildConfigurations = (
				9B11C626212512FA007799F1 /* Debug */,
				9B11C627212512FA007799F1 /* Release */,
			);
			defaultConfigurationIsVisible = 0;
			defaultConfigurationName = Release;
		};
/* End XCConfigurationList section */
	};
	rootObject = 9B11C60B212512F9007799F1 /* Project object */;
}
